{
  "name": "kevingarubba.com",
  "version": "1.0.0",
  "lockfileVersion": 1,
  "requires": true,
  "dependencies": {
    "logrocket": {
      "version": "0.6.17",
      "resolved": "https://registry.npmjs.org/logrocket/-/logrocket-0.6.17.tgz",
      "integrity": "sha512-w6ljir3vO5ONHMOdl/yfpJhWGH8O+22sdtMbB58CA9eS/oKIE1+0c3r6Xq0sCIyizlYsRbo98lHl3VpTqteDFQ=="
    }
  }
}
